{
  "lockfileVersion": 3,
  "name": "photobook-frontend",
  "version": "1.0.0",
  "requires": true,
  "packages": {
    "": {
      "name": "photobook-frontend",
      "version": "1.0.0",
      "dependencies": {
        "angular": "^1.8.2",
        "angular-material": "^1.2.5",
        "angular-aria": "^1.8.2",
        "angular-animate": "^1.8.2",
        "http-server": "^14.1.1"
      }
    },
    "node_modules/angular": {
      "version": "1.8.2",
      "resolved": "https://registry.npmjs.org/angular/-/angular-1.8.2.tgz"
    },
    "node_modules/angular-material": {
      "version": "1.2.5",
      "resolved": "https://registry.npmjs.org/angular-material/-/angular-material-1.2.5.tgz"
    },
    "node_modules/angular-aria": {
      "version": "1.8.2",
      "resolved": "https://registry.npmjs.org/angular-aria/-/angular-aria-1.8.2.tgz"
    },
    "node_modules/angular-animate": {
      "version": "1.8.2",
      "resolved": "https://registry.npmjs.org/angular-animate/-/angular-animate-1.8.2.tgz"
    },
    "node_modules/http-server": {
      "version": "14.1.1",
      "resolved": "https://registry.npmjs.org/http-server/-/http-server-14.1.1.tgz"
    }
  }
}
